# @generated - this file is auto-generated by `mise lock` https://mise.en.dev/dev-tools/mise-lock.html

[[tools.java]]
version = "temurin-17.0.19+10"
backend = "core:java"

[tools.java."platforms.linux-x64"]
checksum = "sha256:d8afc263758141a66e0e3aafc321e783f7016696f4eaea067d340a269037d331"
url = "https://github.com/adoptium/temurin17-binaries/releases/download/jdk-17.0.19%2B10/OpenJDK17U-jdk_x64_linux_hotspot_17.0.19_10.tar.gz"

[[tools.node]]
version = "22.22.2"
backend = "core:node"

[tools.node."platforms.linux-x64"]
checksum = "sha256:978978a635eef872fa68beae09f0aad0bbbae6757e444da80b570964a97e62a3"
url = "https://nodejs.org/dist/v22.22.2/node-v22.22.2-linux-x64.tar.gz"

[[tools.pnpm]]
version = "11.7.0"
backend = "aqua:pnpm/pnpm"

[tools.pnpm."platforms.linux-x64"]
checksum = "sha256:752e31654c6f24bc945db784d12831b80b29f533b43105575ce30dd3c8658609"
url = "https://github.com/pnpm/pnpm/releases/download/v11.7.0/pnpm-linux-x64.tar.gz"
url_api = "https://api.github.com/repos/pnpm/pnpm/releases/assets/447914120"
provenance = "github-attestations"

[[tools.python]]
version = "3.12.13"
backend = "core:python"

[tools.python."platforms.linux-x64"]
checksum = "sha256:10a452caac7041357805f0c19a60576df53f1ab06d1abfc9200f1f0157cb3bd1"
url = "https://github.com/astral-sh/python-build-standalone/releases/download/20260623/cpython-3.12.13+20260623-x86_64-unknown-linux-gnu-install_only_stripped.tar.gz"
provenance = "github-attestations"

[[tools.rust]]
version = "1.96.0"
backend = "core:rust"

[[tools.uv]]
version = "0.11.26"
backend = "aqua:astral-sh/uv"

[tools.uv."platforms.linux-x64"]
checksum = "sha256:62bf1a53501adf4083224b69b33737450ac516935f5a5e483e9dfaf2665084de"
url = "https://github.com/astral-sh/uv/releases/download/0.11.26/uv-x86_64-unknown-linux-musl.tar.gz"
url_api = "https://api.github.com/repos/astral-sh/uv/releases/assets/462248297"
provenance = "github-attestations"
